
Microsoft Visual Studio Solution File, Format Version 12.00
# Visual Studio Version 16
VisualStudioVersion = 16.0.32630.194
MinimumVisualStudioVersion = 10.0.40219.1
Project("{FAE04EC0-301F-11D3-BF4B-00C04F79EFBC}") = "_1_Heranca", "_1_Heranca\_1_Heranca.csproj", "{92C81089-F1B5-4208-BB93-0D96EEC3709C}"
EndProject
Global
	GlobalSection(SolutionConfigurationPlatforms) = preSolution
		Debug|Any CPU = Debug|Any CPU
		Release|Any CPU = Release|Any CPU
	EndGlobalSection
	GlobalSection(ProjectConfigurationPlatforms) = postSolution
		{92C81089-F1B5-4208-BB93-0D96EEC3709C}.Debug|Any CPU.ActiveCfg = Debug|Any CPU
		{92C81089-F1B5-4208-BB93-0D96EEC3709C}.Debug|Any CPU.Build.0 = Debug|Any CPU
		{92C81089-F1B5-4208-BB93-0D96EEC3709C}.Release|Any CPU.ActiveCfg = Release|Any CPU
		{92C81089-F1B5-4208-BB93-0D96EEC3709C}.Release|Any CPU.Build.0 = Release|Any CPU
	EndGlobalSection
	GlobalSection(SolutionProperties) = preSolution
		HideSolutionNode = FALSE
	EndGlobalSection
	GlobalSection(ExtensibilityGlobals) = postSolution
		SolutionGuid = {41B9D10D-CD8C-4DF2-8C0A-E34E66803B45}
	EndGlobalSection
EndGlobal
