
Microsoft Visual Studio Solution File, Format Version 12.00
# Visual Studio Version 16
VisualStudioVersion = 16.0.32630.194
MinimumVisualStudioVersion = 10.0.40219.1
Project("{9A19103F-16F7-4668-BE54-9A1E7A4F7556}") = "_1_Heranca", "_1_Heranca\_1_Heranca.csproj", "{92C81089-F1B5-4208-BB93-0D96EEC3709C}"
EndProject
Project("{9A19103F-16F7-4668-BE54-9A1E7A4F7556}") = "_2_UpcastingAndDowncasting", "_2_UpcastingAndDowncasting\_2_UpcastingAndDowncasting.csproj", "{E9F3DAE3-7EBF-43C2-B60F-F188D2E45EDF}"
EndProject
Project("{9A19103F-16F7-4668-BE54-9A1E7A4F7556}") = "_3_Sobreposicao", "_3_Sobreposicao\_3_Sobreposicao.csproj", "{3306B7AE-F297-4DA9-82F1-0B10F3D82395}"
EndProject
Project("{9A19103F-16F7-4668-BE54-9A1E7A4F7556}") = "_4_ClassesEMetodosSelados", "_4_ClassesEMetodosSelados\_4_ClassesEMetodosSelados.csproj", "{071E91DC-6D6B-4307-AA14-A36A82587F37}"
EndProject
Project("{9A19103F-16F7-4668-BE54-9A1E7A4F7556}") = "_5_Exercicio", "_5_Exercicio\_5_Exercicio.csproj", "{C06880DA-7D12-40A6-84A0-28CBC50C5B37}"
EndProject
Project("{FAE04EC0-301F-11D3-BF4B-00C04F79EFBC}") = "_6_Exercicio_2", "_6_Exercicio_2\_6_Exercicio_2.csproj", "{3FBB2713-38A8-4342-8A14-9EF16C9784B9}"
EndProject
Global
	GlobalSection(SolutionConfigurationPlatforms) = preSolution
		Debug|Any CPU = Debug|Any CPU
		Release|Any CPU = Release|Any CPU
	EndGlobalSection
	GlobalSection(ProjectConfigurationPlatforms) = postSolution
		{92C81089-F1B5-4208-BB93-0D96EEC3709C}.Debug|Any CPU.ActiveCfg = Debug|Any CPU
		{92C81089-F1B5-4208-BB93-0D96EEC3709C}.Debug|Any CPU.Build.0 = Debug|Any CPU
		{92C81089-F1B5-4208-BB93-0D96EEC3709C}.Release|Any CPU.ActiveCfg = Release|Any CPU
		{92C81089-F1B5-4208-BB93-0D96EEC3709C}.Release|Any CPU.Build.0 = Release|Any CPU
		{E9F3DAE3-7EBF-43C2-B60F-F188D2E45EDF}.Debug|Any CPU.ActiveCfg = Debug|Any CPU
		{E9F3DAE3-7EBF-43C2-B60F-F188D2E45EDF}.Debug|Any CPU.Build.0 = Debug|Any CPU
		{E9F3DAE3-7EBF-43C2-B60F-F188D2E45EDF}.Release|Any CPU.ActiveCfg = Release|Any CPU
		{E9F3DAE3-7EBF-43C2-B60F-F188D2E45EDF}.Release|Any CPU.Build.0 = Release|Any CPU
		{3306B7AE-F297-4DA9-82F1-0B10F3D82395}.Debug|Any CPU.ActiveCfg = Debug|Any CPU
		{3306B7AE-F297-4DA9-82F1-0B10F3D82395}.Debug|Any CPU.Build.0 = Debug|Any CPU
		{3306B7AE-F297-4DA9-82F1-0B10F3D82395}.Release|Any CPU.ActiveCfg = Release|Any CPU
		{3306B7AE-F297-4DA9-82F1-0B10F3D82395}.Release|Any CPU.Build.0 = Release|Any CPU
		{071E91DC-6D6B-4307-AA14-A36A82587F37}.Debug|Any CPU.ActiveCfg = Debug|Any CPU
		{071E91DC-6D6B-4307-AA14-A36A82587F37}.Debug|Any CPU.Build.0 = Debug|Any CPU
		{071E91DC-6D6B-4307-AA14-A36A82587F37}.Release|Any CPU.ActiveCfg = Release|Any CPU
		{071E91DC-6D6B-4307-AA14-A36A82587F37}.Release|Any CPU.Build.0 = Release|Any CPU
		{C06880DA-7D12-40A6-84A0-28CBC50C5B37}.Debug|Any CPU.ActiveCfg = Debug|Any CPU
		{C06880DA-7D12-40A6-84A0-28CBC50C5B37}.Debug|Any CPU.Build.0 = Debug|Any CPU
		{C06880DA-7D12-40A6-84A0-28CBC50C5B37}.Release|Any CPU.ActiveCfg = Release|Any CPU
		{C06880DA-7D12-40A6-84A0-28CBC50C5B37}.Release|Any CPU.Build.0 = Release|Any CPU
		{3FBB2713-38A8-4342-8A14-9EF16C9784B9}.Debug|Any CPU.ActiveCfg = Debug|Any CPU
		{3FBB2713-38A8-4342-8A14-9EF16C9784B9}.Debug|Any CPU.Build.0 = Debug|Any CPU
		{3FBB2713-38A8-4342-8A14-9EF16C9784B9}.Release|Any CPU.ActiveCfg = Release|Any CPU
		{3FBB2713-38A8-4342-8A14-9EF16C9784B9}.Release|Any CPU.Build.0 = Release|Any CPU
	EndGlobalSection
	GlobalSection(SolutionProperties) = preSolution
		HideSolutionNode = FALSE
	EndGlobalSection
	GlobalSection(ExtensibilityGlobals) = postSolution
		SolutionGuid = {41B9D10D-CD8C-4DF2-8C0A-E34E66803B45}
	EndGlobalSection
EndGlobal
