
Microsoft Visual Studio Solution File, Format Version 12.00
# Visual Studio Version 16
VisualStudioVersion = 16.0.32630.194
MinimumVisualStudioVersion = 10.0.40219.1
Project("{9A19103F-16F7-4668-BE54-9A1E7A4F7556}") = "_1_TiposReferenciaETtiposValor", "_1_TiposReferenciaETtiposValor\_1_TiposReferenciaETtiposValor.csproj", "{B736BE00-CA42-468B-A41C-447DBFE06863}"
EndProject
Project("{9A19103F-16F7-4668-BE54-9A1E7A4F7556}") = "_2_Nullable", "_2_Nullable\_2_Nullable.csproj", "{12673C3E-0D01-46FE-9404-881A8F52D908}"
EndProject
Project("{9A19103F-16F7-4668-BE54-9A1E7A4F7556}") = "_3_VetoresEmClasses", "_3_Vetores\_3_VetoresEmClasses.csproj", "{1C536029-1E8B-431B-A2EA-7E19F2B8DA3A}"
EndProject
Project("{9A19103F-16F7-4668-BE54-9A1E7A4F7556}") = "_4_VetoresStruct", "_4_VetoresStruct\_4_VetoresStruct.csproj", "{728C7023-231C-41F3-8293-2F78959CCB6E}"
EndProject
Project("{9A19103F-16F7-4668-BE54-9A1E7A4F7556}") = "_5_Exercicio", "_5_Exercicio\_5_Exercicio.csproj", "{4C632F46-9FAC-477A-97D1-2419589E4E0D}"
EndProject
Project("{FAE04EC0-301F-11D3-BF4B-00C04F79EFBC}") = "_6_ModificadorDeParametros", "_6_ModificadorDeParametros\_6_ModificadorDeParametros.csproj", "{B638F837-6AB5-4CF6-B99F-2B0AE047E38C}"
EndProject
Global
	GlobalSection(SolutionConfigurationPlatforms) = preSolution
		Debug|Any CPU = Debug|Any CPU
		Release|Any CPU = Release|Any CPU
	EndGlobalSection
	GlobalSection(ProjectConfigurationPlatforms) = postSolution
		{B736BE00-CA42-468B-A41C-447DBFE06863}.Debug|Any CPU.ActiveCfg = Debug|Any CPU
		{B736BE00-CA42-468B-A41C-447DBFE06863}.Debug|Any CPU.Build.0 = Debug|Any CPU
		{B736BE00-CA42-468B-A41C-447DBFE06863}.Release|Any CPU.ActiveCfg = Release|Any CPU
		{B736BE00-CA42-468B-A41C-447DBFE06863}.Release|Any CPU.Build.0 = Release|Any CPU
		{12673C3E-0D01-46FE-9404-881A8F52D908}.Debug|Any CPU.ActiveCfg = Debug|Any CPU
		{12673C3E-0D01-46FE-9404-881A8F52D908}.Debug|Any CPU.Build.0 = Debug|Any CPU
		{12673C3E-0D01-46FE-9404-881A8F52D908}.Release|Any CPU.ActiveCfg = Release|Any CPU
		{12673C3E-0D01-46FE-9404-881A8F52D908}.Release|Any CPU.Build.0 = Release|Any CPU
		{1C536029-1E8B-431B-A2EA-7E19F2B8DA3A}.Debug|Any CPU.ActiveCfg = Debug|Any CPU
		{1C536029-1E8B-431B-A2EA-7E19F2B8DA3A}.Debug|Any CPU.Build.0 = Debug|Any CPU
		{1C536029-1E8B-431B-A2EA-7E19F2B8DA3A}.Release|Any CPU.ActiveCfg = Release|Any CPU
		{1C536029-1E8B-431B-A2EA-7E19F2B8DA3A}.Release|Any CPU.Build.0 = Release|Any CPU
		{728C7023-231C-41F3-8293-2F78959CCB6E}.Debug|Any CPU.ActiveCfg = Debug|Any CPU
		{728C7023-231C-41F3-8293-2F78959CCB6E}.Debug|Any CPU.Build.0 = Debug|Any CPU
		{728C7023-231C-41F3-8293-2F78959CCB6E}.Release|Any CPU.ActiveCfg = Release|Any CPU
		{728C7023-231C-41F3-8293-2F78959CCB6E}.Release|Any CPU.Build.0 = Release|Any CPU
		{4C632F46-9FAC-477A-97D1-2419589E4E0D}.Debug|Any CPU.ActiveCfg = Debug|Any CPU
		{4C632F46-9FAC-477A-97D1-2419589E4E0D}.Debug|Any CPU.Build.0 = Debug|Any CPU
		{4C632F46-9FAC-477A-97D1-2419589E4E0D}.Release|Any CPU.ActiveCfg = Release|Any CPU
		{4C632F46-9FAC-477A-97D1-2419589E4E0D}.Release|Any CPU.Build.0 = Release|Any CPU
		{B638F837-6AB5-4CF6-B99F-2B0AE047E38C}.Debug|Any CPU.ActiveCfg = Debug|Any CPU
		{B638F837-6AB5-4CF6-B99F-2B0AE047E38C}.Debug|Any CPU.Build.0 = Debug|Any CPU
		{B638F837-6AB5-4CF6-B99F-2B0AE047E38C}.Release|Any CPU.ActiveCfg = Release|Any CPU
		{B638F837-6AB5-4CF6-B99F-2B0AE047E38C}.Release|Any CPU.Build.0 = Release|Any CPU
	EndGlobalSection
	GlobalSection(SolutionProperties) = preSolution
		HideSolutionNode = FALSE
	EndGlobalSection
	GlobalSection(ExtensibilityGlobals) = postSolution
		SolutionGuid = {26C157BD-99E1-414B-852A-0199B97463EE}
	EndGlobalSection
EndGlobal
