
Microsoft Visual Studio Solution File, Format Version 12.00
# Visual Studio Version 16
VisualStudioVersion = 16.0.32630.194
MinimumVisualStudioVersion = 10.0.40219.1
Project("{FAE04EC0-301F-11D3-BF4B-00C04F79EFBC}") = "_1_Var", "_1_Var\_1_Var.csproj", "{2151F3D0-80A2-48EC-90DB-8CF98AAB8F42}"
EndProject
Project("{FAE04EC0-301F-11D3-BF4B-00C04F79EFBC}") = "_2_ExpressaoCondicionalTernaria", "_2_ExpressaoCondicionalTernaria\_2_ExpressaoCondicionalTernaria.csproj", "{40B7AE80-6BB1-4772-9CB4-BBA44FC2D509}"
EndProject
Global
	GlobalSection(SolutionConfigurationPlatforms) = preSolution
		Debug|Any CPU = Debug|Any CPU
		Release|Any CPU = Release|Any CPU
	EndGlobalSection
	GlobalSection(ProjectConfigurationPlatforms) = postSolution
		{2151F3D0-80A2-48EC-90DB-8CF98AAB8F42}.Debug|Any CPU.ActiveCfg = Debug|Any CPU
		{2151F3D0-80A2-48EC-90DB-8CF98AAB8F42}.Debug|Any CPU.Build.0 = Debug|Any CPU
		{2151F3D0-80A2-48EC-90DB-8CF98AAB8F42}.Release|Any CPU.ActiveCfg = Release|Any CPU
		{2151F3D0-80A2-48EC-90DB-8CF98AAB8F42}.Release|Any CPU.Build.0 = Release|Any CPU
		{40B7AE80-6BB1-4772-9CB4-BBA44FC2D509}.Debug|Any CPU.ActiveCfg = Debug|Any CPU
		{40B7AE80-6BB1-4772-9CB4-BBA44FC2D509}.Debug|Any CPU.Build.0 = Debug|Any CPU
		{40B7AE80-6BB1-4772-9CB4-BBA44FC2D509}.Release|Any CPU.ActiveCfg = Release|Any CPU
		{40B7AE80-6BB1-4772-9CB4-BBA44FC2D509}.Release|Any CPU.Build.0 = Release|Any CPU
	EndGlobalSection
	GlobalSection(SolutionProperties) = preSolution
		HideSolutionNode = FALSE
	EndGlobalSection
	GlobalSection(ExtensibilityGlobals) = postSolution
		SolutionGuid = {2437F5BD-F81C-429F-9062-45DF2AAB7E55}
	EndGlobalSection
EndGlobal
