
Microsoft Visual Studio Solution File, Format Version 12.00
# Visual Studio Version 16
VisualStudioVersion = 16.0.32630.194
MinimumVisualStudioVersion = 10.0.40219.1
Project("{9A19103F-16F7-4668-BE54-9A1E7A4F7556}") = "_1_Enum", "_8_enumeracoesEComposicao\_1_Enum.csproj", "{508AFC41-1807-4AFE-AEBB-B66A883E0FC0}"
EndProject
Project("{9A19103F-16F7-4668-BE54-9A1E7A4F7556}") = "_2_Exercicio", "_2_Exercicio\_2_Exercicio.csproj", "{50638040-5470-4666-8516-0D78B4ACB22C}"
EndProject
Project("{FAE04EC0-301F-11D3-BF4B-00C04F79EFBC}") = "_3_Exercicio_2", "_3_Exercicio_2\_3_Exercicio_2.csproj", "{CE301719-FD83-40D7-9669-AD83181B5C64}"
EndProject
Global
	GlobalSection(SolutionConfigurationPlatforms) = preSolution
		Debug|Any CPU = Debug|Any CPU
		Release|Any CPU = Release|Any CPU
	EndGlobalSection
	GlobalSection(ProjectConfigurationPlatforms) = postSolution
		{508AFC41-1807-4AFE-AEBB-B66A883E0FC0}.Debug|Any CPU.ActiveCfg = Debug|Any CPU
		{508AFC41-1807-4AFE-AEBB-B66A883E0FC0}.Debug|Any CPU.Build.0 = Debug|Any CPU
		{508AFC41-1807-4AFE-AEBB-B66A883E0FC0}.Release|Any CPU.ActiveCfg = Release|Any CPU
		{508AFC41-1807-4AFE-AEBB-B66A883E0FC0}.Release|Any CPU.Build.0 = Release|Any CPU
		{50638040-5470-4666-8516-0D78B4ACB22C}.Debug|Any CPU.ActiveCfg = Debug|Any CPU
		{50638040-5470-4666-8516-0D78B4ACB22C}.Debug|Any CPU.Build.0 = Debug|Any CPU
		{50638040-5470-4666-8516-0D78B4ACB22C}.Release|Any CPU.ActiveCfg = Release|Any CPU
		{50638040-5470-4666-8516-0D78B4ACB22C}.Release|Any CPU.Build.0 = Release|Any CPU
		{CE301719-FD83-40D7-9669-AD83181B5C64}.Debug|Any CPU.ActiveCfg = Debug|Any CPU
		{CE301719-FD83-40D7-9669-AD83181B5C64}.Debug|Any CPU.Build.0 = Debug|Any CPU
		{CE301719-FD83-40D7-9669-AD83181B5C64}.Release|Any CPU.ActiveCfg = Release|Any CPU
		{CE301719-FD83-40D7-9669-AD83181B5C64}.Release|Any CPU.Build.0 = Release|Any CPU
	EndGlobalSection
	GlobalSection(SolutionProperties) = preSolution
		HideSolutionNode = FALSE
	EndGlobalSection
	GlobalSection(ExtensibilityGlobals) = postSolution
		SolutionGuid = {95DE3972-DCBB-40C0-8A93-706ABAD3864A}
	EndGlobalSection
EndGlobal
